<Solution>
  <Project Path="Unity.XR.PICO.csproj" />
  <Project Path="Assembly-CSharp.csproj" />
  <Project Path="PhotonRealtime.csproj" />
  <Project Path="QFSW.QC.Extras.csproj" />
  <Project Path="Pico.Spatializer.Example.csproj" />
  <Project Path="QFSW.QC.csproj" />
  <Project Path="Assembly-CSharp-Editor.csproj" />
  <Project Path="PhotonUnityNetworking.Editor.csproj" />
  <Project Path="QFSW.QC.Grammar.csproj" />
  <Project Path="Nobi.UiRoundedCorners.csproj" />
  <Project Path="PhotonUnityNetworking.csproj" />
  <Project Path="QFSW.QC.Editor.csproj" />
  <Project Path="PICO.Platform.csproj" />
  <Project Path="Unity.XR.Hands.Samples.VisualizerSample.csproj" />
  <Project Path="QFSW.QC.Parsers.csproj" />
  <Project Path="PhotonUnityNetworking.Demos.csproj" />
  <Project Path="PICO.TobSupport.csproj" />
  <Project Path="Unity.XR.PICO.Editor.csproj" />
  <Project Path="Unity.XR.Interaction.Toolkit.Samples.StarterAssets.csproj" />
  <Project Path="PhotonUnityNetworking.Utilities.csproj" />
  <Project Path="QFSW.QC.Editor.Tools.csproj" />
  <Project Path="Unity.XR.Interaction.Toolkit.Samples.Hands.csproj" />
  <Project Path="QFSW.QC.Serializers.csproj" />
  <Project Path="PICO.Platform.Editor.csproj" />
  <Project Path="QFSW.QC.QGUI.csproj" />
  <Project Path="PunDemos.DemoHubEditor.csproj" />
  <Project Path="QFSW.QC.UI.csproj" />
  <Project Path="PunDemos.DemoSlotcarEditor.csproj" />
  <Project Path="PhotonChat.csproj" />
  <Project Path="QFSW.QC.Suggestors.csproj" />
  <Project Path="Unity.XR.Interaction.Toolkit.Samples.Hands.Editor.csproj" />
  <Project Path="PhotonUnityNetworking.Utilities.PhotonPlayer.Editor.csproj" />
  <Project Path="Pico.Spatializer.csproj" />
  <Project Path="QFSW.QC.Demo.csproj" />
  <Project Path="Pico.Spatializer.Editor.csproj" />
  <Project Path="QFSW.QC.ScanRules.csproj" />
  <Project Path="Unity.XR.Interaction.Toolkit.Samples.StarterAssets.Editor.csproj" />
  <Project Path="PhotonUnityNetworking.Utilities.Culling.Editor.csproj" />
</Solution>
